// !$*UTF8*$!
{
	archiveVersion = 1;
	classes = {
	};
	objectVersion = 50;
	objects = {

/* Begin PBXBuildFile section */
		B610C71925189D7200FB5C40 /* Solution21.swift in Sources */ = {isa = PBXBuildFile; fileRef = B610C71825189D7200FB5C40 /* Solution21.swift */; };
		B610C71B2518B9CF00FB5C40 /* Solution22.swift in Sources */ = {isa = PBXBuildFile; fileRef = B610C71A2518B9CF00FB5C40 /* Solution22.swift */; };
		B610C71D25199DCA00FB5C40 /* Solution23.swift in Sources */ = {isa = PBXBuildFile; fileRef = B610C71C25199DCA00FB5C40 /* Solution23.swift */; };
		B610C71F2522D54D00FB5C40 /* Solution213.swift in Sources */ = {isa = PBXBuildFile; fileRef = B610C71E2522D54D00FB5C40 /* Solution213.swift */; };
		B610C7212522DBA900FB5C40 /* Solution198.swift in Sources */ = {isa = PBXBuildFile; fileRef = B610C7202522DBA900FB5C40 /* Solution198.swift */; };
		B63629EB24E11FF60097021B /* Solution144.swift in Sources */ = {isa = PBXBuildFile; fileRef = B63629EA24E11FF60097021B /* Solution144.swift */; };
		B63629ED24E125E50097021B /* Solution145.swift in Sources */ = {isa = PBXBuildFile; fileRef = B63629EC24E125E50097021B /* Solution145.swift */; };
		B63629EF24E133C00097021B /* DLinkedNode.swift in Sources */ = {isa = PBXBuildFile; fileRef = B63629EE24E133C00097021B /* DLinkedNode.swift */; };
		B644506724E3E9C3002B01D7 /* Solution122.swift in Sources */ = {isa = PBXBuildFile; fileRef = B644506624E3E9C3002B01D7 /* Solution122.swift */; };
		B64DB7EA2542C1BD00EF0612 /* Solution148.swift in Sources */ = {isa = PBXBuildFile; fileRef = B64DB7E92542C1BC00EF0612 /* Solution148.swift */; };
		B64DB7EF2542C93300EF0612 /* Solution24.swift in Sources */ = {isa = PBXBuildFile; fileRef = B64DB7EE2542C93300EF0612 /* Solution24.swift */; };
		B64DB7F4254920AC00EF0612 /* Solution440.swift in Sources */ = {isa = PBXBuildFile; fileRef = B64DB7F3254920AC00EF0612 /* Solution440.swift */; };
		B64DB7F9254920DF00EF0612 /* Solution137.swift in Sources */ = {isa = PBXBuildFile; fileRef = B64DB7F8254920DF00EF0612 /* Solution137.swift */; };
		B64DB7FE2549212A00EF0612 /* Solution199.swift in Sources */ = {isa = PBXBuildFile; fileRef = B64DB7FD2549212A00EF0612 /* Solution199.swift */; };
		B64DB8032549215D00EF0612 /* Solution300.swift in Sources */ = {isa = PBXBuildFile; fileRef = B64DB8022549215D00EF0612 /* Solution300.swift */; };
		B64DB808254921BA00EF0612 /* Solution560.swift in Sources */ = {isa = PBXBuildFile; fileRef = B64DB807254921BA00EF0612 /* Solution560.swift */; };
		B658CFE624CAED0F002B7878 /* Solution129.swift in Sources */ = {isa = PBXBuildFile; fileRef = B658CFE524CAED0F002B7878 /* Solution129.swift */; };
		B658CFE824CAED66002B7878 /* Solution108.swift in Sources */ = {isa = PBXBuildFile; fileRef = B658CFE724CAED66002B7878 /* Solution108.swift */; };
		B658CFEA24CAED89002B7878 /* Solution107.swift in Sources */ = {isa = PBXBuildFile; fileRef = B658CFE924CAED89002B7878 /* Solution107.swift */; };
		B658CFEC24CAEDAD002B7878 /* Solution106.swift in Sources */ = {isa = PBXBuildFile; fileRef = B658CFEB24CAEDAD002B7878 /* Solution106.swift */; };
		B658CFEE24CAEDC5002B7878 /* Solution105.swift in Sources */ = {isa = PBXBuildFile; fileRef = B658CFED24CAEDC5002B7878 /* Solution105.swift */; };
		B658CFF024CAEDDD002B7878 /* Solution104.swift in Sources */ = {isa = PBXBuildFile; fileRef = B658CFEF24CAEDDD002B7878 /* Solution104.swift */; };
		B658CFF224CAEDF1002B7878 /* Solution103.swift in Sources */ = {isa = PBXBuildFile; fileRef = B658CFF124CAEDF1002B7878 /* Solution103.swift */; };
		B658CFF424CAEE07002B7878 /* Solution102.swift in Sources */ = {isa = PBXBuildFile; fileRef = B658CFF324CAEE07002B7878 /* Solution102.swift */; };
		B658CFF624D408FE002B7878 /* Solution112.swift in Sources */ = {isa = PBXBuildFile; fileRef = B658CFF524D408FE002B7878 /* Solution112.swift */; };
		B658CFF824D40CBA002B7878 /* Solution111.swift in Sources */ = {isa = PBXBuildFile; fileRef = B658CFF724D40CBA002B7878 /* Solution111.swift */; };
		B658CFFA24D4260E002B7878 /* Solution113.swift in Sources */ = {isa = PBXBuildFile; fileRef = B658CFF924D4260E002B7878 /* Solution113.swift */; };
		B658CFFC24D7B4FC002B7878 /* Solution118.swift in Sources */ = {isa = PBXBuildFile; fileRef = B658CFFB24D7B4FC002B7878 /* Solution118.swift */; };
		B658CFFE24D7BD26002B7878 /* Solution119.swift in Sources */ = {isa = PBXBuildFile; fileRef = B658CFFD24D7BD26002B7878 /* Solution119.swift */; };
		B658D00024D7D9C7002B7878 /* Solution120.swift in Sources */ = {isa = PBXBuildFile; fileRef = B658CFFF24D7D9C7002B7878 /* Solution120.swift */; };
		B658D00224D7EB6D002B7878 /* Solution109.swift in Sources */ = {isa = PBXBuildFile; fileRef = B658D00124D7EB6D002B7878 /* Solution109.swift */; };
		B658D00424D7EF31002B7878 /* Solution110.swift in Sources */ = {isa = PBXBuildFile; fileRef = B658D00324D7EF31002B7878 /* Solution110.swift */; };
		B658D00624D93393002B7878 /* Solution114.swift in Sources */ = {isa = PBXBuildFile; fileRef = B658D00524D93393002B7878 /* Solution114.swift */; };
		D0084E4D2473E3B000C8D7CF /* AppDelegate.swift in Sources */ = {isa = PBXBuildFile; fileRef = D0084E4C2473E3B000C8D7CF /* AppDelegate.swift */; };
		D0084E4F2473E3B000C8D7CF /* SceneDelegate.swift in Sources */ = {isa = PBXBuildFile; fileRef = D0084E4E2473E3B000C8D7CF /* SceneDelegate.swift */; };
		D0084E512473E3B000C8D7CF /* ViewController.swift in Sources */ = {isa = PBXBuildFile; fileRef = D0084E502473E3B000C8D7CF /* ViewController.swift */; };
		D0084E542473E3B000C8D7CF /* Main.storyboard in Resources */ = {isa = PBXBuildFile; fileRef = D0084E522473E3B000C8D7CF /* Main.storyboard */; };
		D0084E562473E3B200C8D7CF /* Assets.xcassets in Resources */ = {isa = PBXBuildFile; fileRef = D0084E552473E3B200C8D7CF /* Assets.xcassets */; };
		D0084E592473E3B200C8D7CF /* LaunchScreen.storyboard in Resources */ = {isa = PBXBuildFile; fileRef = D0084E572473E3B200C8D7CF /* LaunchScreen.storyboard */; };
		D0084E642473E3B200C8D7CF /* leetcodeTests.swift in Sources */ = {isa = PBXBuildFile; fileRef = D0084E632473E3B200C8D7CF /* leetcodeTests.swift */; };
		D0084E6F2473E3B200C8D7CF /* leetcodeUITests.swift in Sources */ = {isa = PBXBuildFile; fileRef = D0084E6E2473E3B200C8D7CF /* leetcodeUITests.swift */; };
		D0084E7D24761A0700C8D7CF /* Solution1.swift in Sources */ = {isa = PBXBuildFile; fileRef = D0084E7C24761A0700C8D7CF /* Solution1.swift */; };
		D0084E7F247624A400C8D7CF /* Solution2.swift in Sources */ = {isa = PBXBuildFile; fileRef = D0084E7E247624A400C8D7CF /* Solution2.swift */; };
		D0084E812476654200C8D7CF /* Solution15.swift in Sources */ = {isa = PBXBuildFile; fileRef = D0084E802476654200C8D7CF /* Solution15.swift */; };
		D0084E83247666E800C8D7CF /* Solution3.swift in Sources */ = {isa = PBXBuildFile; fileRef = D0084E82247666E800C8D7CF /* Solution3.swift */; };
		D0084E8524768E1B00C8D7CF /* Solution9.swift in Sources */ = {isa = PBXBuildFile; fileRef = D0084E8424768E1B00C8D7CF /* Solution9.swift */; };
		D0084E8724778A4A00C8D7CF /* Solution5.swift in Sources */ = {isa = PBXBuildFile; fileRef = D0084E8624778A4A00C8D7CF /* Solution5.swift */; };
		D0084E89247B75DE00C8D7CF /* Solution6.swift in Sources */ = {isa = PBXBuildFile; fileRef = D0084E88247B75DE00C8D7CF /* Solution6.swift */; };
		D0084E8B247D138E00C8D7CF /* Solution8.swift in Sources */ = {isa = PBXBuildFile; fileRef = D0084E8A247D138E00C8D7CF /* Solution8.swift */; };
		D0084E8D247E40C200C8D7CF /* Solution14.swift in Sources */ = {isa = PBXBuildFile; fileRef = D0084E8C247E40C200C8D7CF /* Solution14.swift */; };
		D00B16F624BBFE6300675C1B /* Solution80.swift in Sources */ = {isa = PBXBuildFile; fileRef = D00B16F524BBFE6300675C1B /* Solution80.swift */; };
		D00B16F824BBFEA100675C1B /* Solution83.swift in Sources */ = {isa = PBXBuildFile; fileRef = D00B16F724BBFEA100675C1B /* Solution83.swift */; };
		D00B16FA24BBFEBE00675C1B /* Solution86.swift in Sources */ = {isa = PBXBuildFile; fileRef = D00B16F924BBFEBE00675C1B /* Solution86.swift */; };
		D00B16FC24BBFF3500675C1B /* Solution90.swift in Sources */ = {isa = PBXBuildFile; fileRef = D00B16FB24BBFF3500675C1B /* Solution90.swift */; };
		D00B16FE24BBFF6300675C1B /* Solution94.swift in Sources */ = {isa = PBXBuildFile; fileRef = D00B16FD24BBFF6300675C1B /* Solution94.swift */; };
		D00B170224BBFFD000675C1B /* Solution62.swift in Sources */ = {isa = PBXBuildFile; fileRef = D00B170124BBFFD000675C1B /* Solution62.swift */; };
		D00B170424BBFFE000675C1B /* Solution63.swift in Sources */ = {isa = PBXBuildFile; fileRef = D00B170324BBFFE000675C1B /* Solution63.swift */; };
		D00B170624BBFFF200675C1B /* Solution66.swift in Sources */ = {isa = PBXBuildFile; fileRef = D00B170524BBFFF200675C1B /* Solution66.swift */; };
		D00B170824BC000300675C1B /* Solution67.swift in Sources */ = {isa = PBXBuildFile; fileRef = D00B170724BC000300675C1B /* Solution67.swift */; };
		D00B170A24BC001700675C1B /* Solution69.swift in Sources */ = {isa = PBXBuildFile; fileRef = D00B170924BC001700675C1B /* Solution69.swift */; };
		D00B170C24BC002500675C1B /* Solution70.swift in Sources */ = {isa = PBXBuildFile; fileRef = D00B170B24BC002500675C1B /* Solution70.swift */; };
		D00B170E24BC003A00675C1B /* Solution77.swift in Sources */ = {isa = PBXBuildFile; fileRef = D00B170D24BC003A00675C1B /* Solution77.swift */; };
		D00B171024BC004C00675C1B /* Solution78.swift in Sources */ = {isa = PBXBuildFile; fileRef = D00B170F24BC004C00675C1B /* Solution78.swift */; };
		D00B171224BC005600675C1B /* Solution79.swift in Sources */ = {isa = PBXBuildFile; fileRef = D00B171124BC005600675C1B /* Solution79.swift */; };
		D00B171424BC008100675C1B /* Solution88.swift in Sources */ = {isa = PBXBuildFile; fileRef = D00B171324BC008100675C1B /* Solution88.swift */; };
		D00B171624BC008B00675C1B /* Solution89.swift in Sources */ = {isa = PBXBuildFile; fileRef = D00B171524BC008B00675C1B /* Solution89.swift */; };
		D00B171824BC01DF00675C1B /* Solution93.swift in Sources */ = {isa = PBXBuildFile; fileRef = D00B171724BC01DF00675C1B /* Solution93.swift */; };
		D00B171A24BC08E000675C1B /* Solution95.swift in Sources */ = {isa = PBXBuildFile; fileRef = D00B171924BC08E000675C1B /* Solution95.swift */; };
		D023173824B41F2C006C92A0 /* Solution51.swift in Sources */ = {isa = PBXBuildFile; fileRef = D023173724B41F2C006C92A0 /* Solution51.swift */; };
		D023173A24B44B6A006C92A0 /* Solution58.swift in Sources */ = {isa = PBXBuildFile; fileRef = D023173924B44B6A006C92A0 /* Solution58.swift */; };
		D02D8B1B247F6E9400515DDC /* Solution179.swift in Sources */ = {isa = PBXBuildFile; fileRef = D02D8B1A247F6E9400515DDC /* Solution179.swift */; };
		D02D8B1D247F964600515DDC /* Solution165.swift in Sources */ = {isa = PBXBuildFile; fileRef = D02D8B1C247F964600515DDC /* Solution165.swift */; };
		D0316C8B24AC59E100E7C0B5 /* Solution718.swift in Sources */ = {isa = PBXBuildFile; fileRef = D0316C8A24AC59E100E7C0B5 /* Solution718.swift */; };
		D0316C8D24AD7A0F00E7C0B5 /* Solution61.swift in Sources */ = {isa = PBXBuildFile; fileRef = D0316C8C24AD7A0F00E7C0B5 /* Solution61.swift */; };
		D0316C8F24ADC81C00E7C0B5 /* Solution64.swift in Sources */ = {isa = PBXBuildFile; fileRef = D0316C8E24ADC81C00E7C0B5 /* Solution64.swift */; };
		D0316C9124ADC84700E7C0B5 /* Solution71.swift in Sources */ = {isa = PBXBuildFile; fileRef = D0316C9024ADC84700E7C0B5 /* Solution71.swift */; };
		D0316C9324AF01B200E7C0B5 /* Solution73.swift in Sources */ = {isa = PBXBuildFile; fileRef = D0316C9224AF01B200E7C0B5 /* Solution73.swift */; };
		D0316C9524AF1DE200E7C0B5 /* Solution74.swift in Sources */ = {isa = PBXBuildFile; fileRef = D0316C9424AF1DE200E7C0B5 /* Solution74.swift */; };
		D0316C9724AF429C00E7C0B5 /* Solution75.swift in Sources */ = {isa = PBXBuildFile; fileRef = D0316C9624AF429C00E7C0B5 /* Solution75.swift */; };
		D0B76F1324849EAE00CACD39 /* Solution19.swift in Sources */ = {isa = PBXBuildFile; fileRef = D0B76F1224849EAE00CACD39 /* Solution19.swift */; };
		D0B76F152484A95300CACD39 /* Solution20.swift in Sources */ = {isa = PBXBuildFile; fileRef = D0B76F142484A95300CACD39 /* Solution20.swift */; };
		D0C0DF0F24A86A9700CB2938 /* Solution7.swift in Sources */ = {isa = PBXBuildFile; fileRef = D0C0DF0E24A86A9700CB2938 /* Solution7.swift */; };
		D0C0DF1124A86B6F00CB2938 /* Solution11.swift in Sources */ = {isa = PBXBuildFile; fileRef = D0C0DF1024A86B6F00CB2938 /* Solution11.swift */; };
		D0C0DF1324A86C9B00CB2938 /* Solution17.swift in Sources */ = {isa = PBXBuildFile; fileRef = D0C0DF1224A86C9B00CB2938 /* Solution17.swift */; };
		D0C0DF1524A86EAC00CB2938 /* Solution27.swift in Sources */ = {isa = PBXBuildFile; fileRef = D0C0DF1424A86EAC00CB2938 /* Solution27.swift */; };
		D0C0DF1724A86F8100CB2938 /* Solution26.swift in Sources */ = {isa = PBXBuildFile; fileRef = D0C0DF1624A86F8100CB2938 /* Solution26.swift */; };
		D0C0DF1924A86F9200CB2938 /* Solution28.swift in Sources */ = {isa = PBXBuildFile; fileRef = D0C0DF1824A86F9200CB2938 /* Solution28.swift */; };
		D0C0DF1B24A870B800CB2938 /* Solution29.swift in Sources */ = {isa = PBXBuildFile; fileRef = D0C0DF1A24A870B800CB2938 /* Solution29.swift */; };
		D0C0DF1D24A8788000CB2938 /* Solution34.swift in Sources */ = {isa = PBXBuildFile; fileRef = D0C0DF1C24A8788000CB2938 /* Solution34.swift */; };
		D0C0DF1F24A8788E00CB2938 /* Solution35.swift in Sources */ = {isa = PBXBuildFile; fileRef = D0C0DF1E24A8788E00CB2938 /* Solution35.swift */; };
		D0C0DF2124A8789D00CB2938 /* Solution38.swift in Sources */ = {isa = PBXBuildFile; fileRef = D0C0DF2024A8789D00CB2938 /* Solution38.swift */; };
		D0C0DF2324A878EB00CB2938 /* Solution41.swift in Sources */ = {isa = PBXBuildFile; fileRef = D0C0DF2224A878EB00CB2938 /* Solution41.swift */; };
		D0C0DF2D24A879EC00CB2938 /* Solution47.swift in Sources */ = {isa = PBXBuildFile; fileRef = D0C0DF2424A879EB00CB2938 /* Solution47.swift */; };
		D0C0DF2E24A879EC00CB2938 /* Solution54.swift in Sources */ = {isa = PBXBuildFile; fileRef = D0C0DF2524A879EB00CB2938 /* Solution54.swift */; };
		D0C0DF2F24A879EC00CB2938 /* Solution53.swift in Sources */ = {isa = PBXBuildFile; fileRef = D0C0DF2624A879EB00CB2938 /* Solution53.swift */; };
		D0C0DF3024A879EC00CB2938 /* Solution60.swift in Sources */ = {isa = PBXBuildFile; fileRef = D0C0DF2724A879EB00CB2938 /* Solution60.swift */; };
		D0C0DF3124A879EC00CB2938 /* Solution59.swift in Sources */ = {isa = PBXBuildFile; fileRef = D0C0DF2824A879EB00CB2938 /* Solution59.swift */; };
		D0C0DF3224A879EC00CB2938 /* Solution48.swift in Sources */ = {isa = PBXBuildFile; fileRef = D0C0DF2924A879EB00CB2938 /* Solution48.swift */; };
		D0C0DF3324A879EC00CB2938 /* Solution46.swift in Sources */ = {isa = PBXBuildFile; fileRef = D0C0DF2A24A879EB00CB2938 /* Solution46.swift */; };
		D0C0DF3424A879EC00CB2938 /* Solution56.swift in Sources */ = {isa = PBXBuildFile; fileRef = D0C0DF2B24A879EB00CB2938 /* Solution56.swift */; };
		D0C0DF3524A879EC00CB2938 /* Solution55.swift in Sources */ = {isa = PBXBuildFile; fileRef = D0C0DF2C24A879EC00CB2938 /* Solution55.swift */; };
		D0C0DF3724A87AC300CB2938 /* Solution121.swift in Sources */ = {isa = PBXBuildFile; fileRef = D0C0DF3624A87AC300CB2938 /* Solution121.swift */; };
		D0C0DF3924A87B1A00CB2938 /* Solution92.swift in Sources */ = {isa = PBXBuildFile; fileRef = D0C0DF3824A87B1A00CB2938 /* Solution92.swift */; };
		D0C0DF3B24A87B3800CB2938 /* Solution101.swift in Sources */ = {isa = PBXBuildFile; fileRef = D0C0DF3A24A87B3800CB2938 /* Solution101.swift */; };
		D0C0DF3E24A87B8B00CB2938 /* TreeNode.swift in Sources */ = {isa = PBXBuildFile; fileRef = D0C0DF3D24A87B8B00CB2938 /* TreeNode.swift */; };
		D0C0DF4024A87BB700CB2938 /* ListNode.swift in Sources */ = {isa = PBXBuildFile; fileRef = D0C0DF3F24A87BB700CB2938 /* ListNode.swift */; };
		D0C0DF4224A8934400CB2938 /* Solution49.swift in Sources */ = {isa = PBXBuildFile; fileRef = D0C0DF4124A8934400CB2938 /* Solution49.swift */; };
/* End PBXBuildFile section */

/* Begin PBXContainerItemProxy section */
		D0084E602473E3B200C8D7CF /* PBXContainerItemProxy */ = {
			isa = PBXContainerItemProxy;
			containerPortal = D0084E412473E3B000C8D7CF /* Project object */;
			proxyType = 1;
			remoteGlobalIDString = D0084E482473E3B000C8D7CF;
			remoteInfo = leetcode;
		};
		D0084E6B2473E3B200C8D7CF /* PBXContainerItemProxy */ = {
			isa = PBXContainerItemProxy;
			containerPortal = D0084E412473E3B000C8D7CF /* Project object */;
			proxyType = 1;
			remoteGlobalIDString = D0084E482473E3B000C8D7CF;
			remoteInfo = leetcode;
		};
/* End PBXContainerItemProxy section */

/* Begin PBXFileReference section */
		B610C71825189D7200FB5C40 /* Solution21.swift */ = {isa = PBXFileReference; lastKnownFileType = sourcecode.swift; path = Solution21.swift; sourceTree = "<group>"; };
		B610C71A2518B9CF00FB5C40 /* Solution22.swift */ = {isa = PBXFileReference; lastKnownFileType = sourcecode.swift; path = Solution22.swift; sourceTree = "<group>"; };
		B610C71C25199DCA00FB5C40 /* Solution23.swift */ = {isa = PBXFileReference; lastKnownFileType = sourcecode.swift; path = Solution23.swift; sourceTree = "<group>"; };
		B610C71E2522D54D00FB5C40 /* Solution213.swift */ = {isa = PBXFileReference; lastKnownFileType = sourcecode.swift; path = Solution213.swift; sourceTree = "<group>"; };
		B610C7202522DBA900FB5C40 /* Solution198.swift */ = {isa = PBXFileReference; lastKnownFileType = sourcecode.swift; path = Solution198.swift; sourceTree = "<group>"; };
		B63629EA24E11FF60097021B /* Solution144.swift */ = {isa = PBXFileReference; lastKnownFileType = sourcecode.swift; path = Solution144.swift; sourceTree = "<group>"; };
		B63629EC24E125E50097021B /* Solution145.swift */ = {isa = PBXFileReference; lastKnownFileType = sourcecode.swift; path = Solution145.swift; sourceTree = "<group>"; };
		B63629EE24E133C00097021B /* DLinkedNode.swift */ = {isa = PBXFileReference; lastKnownFileType = sourcecode.swift; path = DLinkedNode.swift; sourceTree = "<group>"; };
		B644506624E3E9C3002B01D7 /* Solution122.swift */ = {isa = PBXFileReference; lastKnownFileType = sourcecode.swift; path = Solution122.swift; sourceTree = "<group>"; };
		B64DB7E92542C1BC00EF0612 /* Solution148.swift */ = {isa = PBXFileReference; lastKnownFileType = sourcecode.swift; path = Solution148.swift; sourceTree = "<group>"; };
		B64DB7EE2542C93300EF0612 /* Solution24.swift */ = {isa = PBXFileReference; lastKnownFileType = sourcecode.swift; path = Solution24.swift; sourceTree = "<group>"; };
		B64DB7F3254920AC00EF0612 /* Solution440.swift */ = {isa = PBXFileReference; lastKnownFileType = sourcecode.swift; path = Solution440.swift; sourceTree = "<group>"; };
		B64DB7F8254920DF00EF0612 /* Solution137.swift */ = {isa = PBXFileReference; lastKnownFileType = sourcecode.swift; path = Solution137.swift; sourceTree = "<group>"; };
		B64DB7FD2549212A00EF0612 /* Solution199.swift */ = {isa = PBXFileReference; lastKnownFileType = sourcecode.swift; path = Solution199.swift; sourceTree = "<group>"; };
		B64DB8022549215D00EF0612 /* Solution300.swift */ = {isa = PBXFileReference; lastKnownFileType = sourcecode.swift; path = Solution300.swift; sourceTree = "<group>"; };
		B64DB807254921BA00EF0612 /* Solution560.swift */ = {isa = PBXFileReference; lastKnownFileType = sourcecode.swift; path = Solution560.swift; sourceTree = "<group>"; };
		B658CFE524CAED0F002B7878 /* Solution129.swift */ = {isa = PBXFileReference; lastKnownFileType = sourcecode.swift; path = Solution129.swift; sourceTree = "<group>"; };
		B658CFE724CAED66002B7878 /* Solution108.swift */ = {isa = PBXFileReference; lastKnownFileType = sourcecode.swift; path = Solution108.swift; sourceTree = "<group>"; };
		B658CFE924CAED89002B7878 /* Solution107.swift */ = {isa = PBXFileReference; lastKnownFileType = sourcecode.swift; path = Solution107.swift; sourceTree = "<group>"; };
		B658CFEB24CAEDAD002B7878 /* Solution106.swift */ = {isa = PBXFileReference; lastKnownFileType = sourcecode.swift; path = Solution106.swift; sourceTree = "<group>"; };
		B658CFED24CAEDC5002B7878 /* Solution105.swift */ = {isa = PBXFileReference; lastKnownFileType = sourcecode.swift; path = Solution105.swift; sourceTree = "<group>"; };
		B658CFEF24CAEDDD002B7878 /* Solution104.swift */ = {isa = PBXFileReference; lastKnownFileType = sourcecode.swift; path = Solution104.swift; sourceTree = "<group>"; };
		B658CFF124CAEDF1002B7878 /* Solution103.swift */ = {isa = PBXFileReference; lastKnownFileType = sourcecode.swift; path = Solution103.swift; sourceTree = "<group>"; };
		B658CFF324CAEE07002B7878 /* Solution102.swift */ = {isa = PBXFileReference; lastKnownFileType = sourcecode.swift; path = Solution102.swift; sourceTree = "<group>"; };
		B658CFF524D408FE002B7878 /* Solution112.swift */ = {isa = PBXFileReference; lastKnownFileType = sourcecode.swift; path = Solution112.swift; sourceTree = "<group>"; };
		B658CFF724D40CBA002B7878 /* Solution111.swift */ = {isa = PBXFileReference; lastKnownFileType = sourcecode.swift; path = Solution111.swift; sourceTree = "<group>"; };
		B658CFF924D4260E002B7878 /* Solution113.swift */ = {isa = PBXFileReference; lastKnownFileType = sourcecode.swift; path = Solution113.swift; sourceTree = "<group>"; };
		B658CFFB24D7B4FC002B7878 /* Solution118.swift */ = {isa = PBXFileReference; lastKnownFileType = sourcecode.swift; path = Solution118.swift; sourceTree = "<group>"; };
		B658CFFD24D7BD26002B7878 /* Solution119.swift */ = {isa = PBXFileReference; lastKnownFileType = sourcecode.swift; path = Solution119.swift; sourceTree = "<group>"; };
		B658CFFF24D7D9C7002B7878 /* Solution120.swift */ = {isa = PBXFileReference; lastKnownFileType = sourcecode.swift; path = Solution120.swift; sourceTree = "<group>"; };
		B658D00124D7EB6D002B7878 /* Solution109.swift */ = {isa = PBXFileReference; lastKnownFileType = sourcecode.swift; path = Solution109.swift; sourceTree = "<group>"; };
		B658D00324D7EF31002B7878 /* Solution110.swift */ = {isa = PBXFileReference; lastKnownFileType = sourcecode.swift; path = Solution110.swift; sourceTree = "<group>"; };
		B658D00524D93393002B7878 /* Solution114.swift */ = {isa = PBXFileReference; lastKnownFileType = sourcecode.swift; path = Solution114.swift; sourceTree = "<group>"; };
		D0084E492473E3B000C8D7CF /* leetcode.app */ = {isa = PBXFileReference; explicitFileType = wrapper.application; includeInIndex = 0; path = leetcode.app; sourceTree = BUILT_PRODUCTS_DIR; };
		D0084E4C2473E3B000C8D7CF /* AppDelegate.swift */ = {isa = PBXFileReference; lastKnownFileType = sourcecode.swift; path = AppDelegate.swift; sourceTree = "<group>"; };
		D0084E4E2473E3B000C8D7CF /* SceneDelegate.swift */ = {isa = PBXFileReference; lastKnownFileType = sourcecode.swift; path = SceneDelegate.swift; sourceTree = "<group>"; };
		D0084E502473E3B000C8D7CF /* ViewController.swift */ = {isa = PBXFileReference; lastKnownFileType = sourcecode.swift; path = ViewController.swift; sourceTree = "<group>"; };
		D0084E532473E3B000C8D7CF /* Base */ = {isa = PBXFileReference; lastKnownFileType = file.storyboard; name = Base; path = Base.lproj/Main.storyboard; sourceTree = "<group>"; };
		D0084E552473E3B200C8D7CF /* Assets.xcassets */ = {isa = PBXFileReference; lastKnownFileType = folder.assetcatalog; path = Assets.xcassets; sourceTree = "<group>"; };
		D0084E582473E3B200C8D7CF /* Base */ = {isa = PBXFileReference; lastKnownFileType = file.storyboard; name = Base; path = Base.lproj/LaunchScreen.storyboard; sourceTree = "<group>"; };
		D0084E5A2473E3B200C8D7CF /* Info.plist */ = {isa = PBXFileReference; lastKnownFileType = text.plist.xml; path = Info.plist; sourceTree = "<group>"; };
		D0084E5F2473E3B200C8D7CF /* leetcodeTests.xctest */ = {isa = PBXFileReference; explicitFileType = wrapper.cfbundle; includeInIndex = 0; path = leetcodeTests.xctest; sourceTree = BUILT_PRODUCTS_DIR; };
		D0084E632473E3B200C8D7CF /* leetcodeTests.swift */ = {isa = PBXFileReference; lastKnownFileType = sourcecode.swift; path = leetcodeTests.swift; sourceTree = "<group>"; };
		D0084E652473E3B200C8D7CF /* Info.plist */ = {isa = PBXFileReference; lastKnownFileType = text.plist.xml; path = Info.plist; sourceTree = "<group>"; };
		D0084E6A2473E3B200C8D7CF /* leetcodeUITests.xctest */ = {isa = PBXFileReference; explicitFileType = wrapper.cfbundle; includeInIndex = 0; path = leetcodeUITests.xctest; sourceTree = BUILT_PRODUCTS_DIR; };
		D0084E6E2473E3B200C8D7CF /* leetcodeUITests.swift */ = {isa = PBXFileReference; lastKnownFileType = sourcecode.swift; path = leetcodeUITests.swift; sourceTree = "<group>"; };
		D0084E702473E3B200C8D7CF /* Info.plist */ = {isa = PBXFileReference; lastKnownFileType = text.plist.xml; path = Info.plist; sourceTree = "<group>"; };
		D0084E7C24761A0700C8D7CF /* Solution1.swift */ = {isa = PBXFileReference; lastKnownFileType = sourcecode.swift; path = Solution1.swift; sourceTree = "<group>"; };
		D0084E7E247624A400C8D7CF /* Solution2.swift */ = {isa = PBXFileReference; lastKnownFileType = sourcecode.swift; path = Solution2.swift; sourceTree = "<group>"; };
		D0084E802476654200C8D7CF /* Solution15.swift */ = {isa = PBXFileReference; lastKnownFileType = sourcecode.swift; path = Solution15.swift; sourceTree = "<group>"; };
		D0084E82247666E800C8D7CF /* Solution3.swift */ = {isa = PBXFileReference; lastKnownFileType = sourcecode.swift; path = Solution3.swift; sourceTree = "<group>"; };
		D0084E8424768E1B00C8D7CF /* Solution9.swift */ = {isa = PBXFileReference; lastKnownFileType = sourcecode.swift; path = Solution9.swift; sourceTree = "<group>"; };
		D0084E8624778A4A00C8D7CF /* Solution5.swift */ = {isa = PBXFileReference; lastKnownFileType = sourcecode.swift; path = Solution5.swift; sourceTree = "<group>"; };
		D0084E88247B75DE00C8D7CF /* Solution6.swift */ = {isa = PBXFileReference; lastKnownFileType = sourcecode.swift; path = Solution6.swift; sourceTree = "<group>"; };
		D0084E8A247D138E00C8D7CF /* Solution8.swift */ = {isa = PBXFileReference; lastKnownFileType = sourcecode.swift; path = Solution8.swift; sourceTree = "<group>"; };
		D0084E8C247E40C200C8D7CF /* Solution14.swift */ = {isa = PBXFileReference; lastKnownFileType = sourcecode.swift; path = Solution14.swift; sourceTree = "<group>"; };
		D00B16F524BBFE6300675C1B /* Solution80.swift */ = {isa = PBXFileReference; fileEncoding = 4; lastKnownFileType = sourcecode.swift; path = Solution80.swift; sourceTree = "<group>"; };
		D00B16F724BBFEA100675C1B /* Solution83.swift */ = {isa = PBXFileReference; lastKnownFileType = sourcecode.swift; path = Solution83.swift; sourceTree = "<group>"; };
		D00B16F924BBFEBE00675C1B /* Solution86.swift */ = {isa = PBXFileReference; lastKnownFileType = sourcecode.swift; path = Solution86.swift; sourceTree = "<group>"; };
		D00B16FB24BBFF3500675C1B /* Solution90.swift */ = {isa = PBXFileReference; lastKnownFileType = sourcecode.swift; path = Solution90.swift; sourceTree = "<group>"; };
		D00B16FD24BBFF6300675C1B /* Solution94.swift */ = {isa = PBXFileReference; lastKnownFileType = sourcecode.swift; path = Solution94.swift; sourceTree = "<group>"; };
		D00B170124BBFFD000675C1B /* Solution62.swift */ = {isa = PBXFileReference; lastKnownFileType = sourcecode.swift; path = Solution62.swift; sourceTree = "<group>"; };
		D00B170324BBFFE000675C1B /* Solution63.swift */ = {isa = PBXFileReference; lastKnownFileType = sourcecode.swift; path = Solution63.swift; sourceTree = "<group>"; };
		D00B170524BBFFF200675C1B /* Solution66.swift */ = {isa = PBXFileReference; lastKnownFileType = sourcecode.swift; path = Solution66.swift; sourceTree = "<group>"; };
		D00B170724BC000300675C1B /* Solution67.swift */ = {isa = PBXFileReference; lastKnownFileType = sourcecode.swift; path = Solution67.swift; sourceTree = "<group>"; };
		D00B170924BC001700675C1B /* Solution69.swift */ = {isa = PBXFileReference; lastKnownFileType = sourcecode.swift; path = Solution69.swift; sourceTree = "<group>"; };
		D00B170B24BC002500675C1B /* Solution70.swift */ = {isa = PBXFileReference; lastKnownFileType = sourcecode.swift; path = Solution70.swift; sourceTree = "<group>"; };
		D00B170D24BC003A00675C1B /* Solution77.swift */ = {isa = PBXFileReference; lastKnownFileType = sourcecode.swift; path = Solution77.swift; sourceTree = "<group>"; };
		D00B170F24BC004C00675C1B /* Solution78.swift */ = {isa = PBXFileReference; lastKnownFileType = sourcecode.swift; path = Solution78.swift; sourceTree = "<group>"; };
		D00B171124BC005600675C1B /* Solution79.swift */ = {isa = PBXFileReference; lastKnownFileType = sourcecode.swift; path = Solution79.swift; sourceTree = "<group>"; };
		D00B171324BC008100675C1B /* Solution88.swift */ = {isa = PBXFileReference; lastKnownFileType = sourcecode.swift; path = Solution88.swift; sourceTree = "<group>"; };
		D00B171524BC008B00675C1B /* Solution89.swift */ = {isa = PBXFileReference; lastKnownFileType = sourcecode.swift; path = Solution89.swift; sourceTree = "<group>"; };
		D00B171724BC01DF00675C1B /* Solution93.swift */ = {isa = PBXFileReference; lastKnownFileType = sourcecode.swift; path = Solution93.swift; sourceTree = "<group>"; };
		D00B171924BC08E000675C1B /* Solution95.swift */ = {isa = PBXFileReference; fileEncoding = 4; lastKnownFileType = sourcecode.swift; path = Solution95.swift; sourceTree = "<group>"; };
		D023173724B41F2C006C92A0 /* Solution51.swift */ = {isa = PBXFileReference; lastKnownFileType = sourcecode.swift; path = Solution51.swift; sourceTree = "<group>"; };
		D023173924B44B6A006C92A0 /* Solution58.swift */ = {isa = PBXFileReference; lastKnownFileType = sourcecode.swift; path = Solution58.swift; sourceTree = "<group>"; };
		D02D8B1A247F6E9400515DDC /* Solution179.swift */ = {isa = PBXFileReference; lastKnownFileType = sourcecode.swift; path = Solution179.swift; sourceTree = "<group>"; };
		D02D8B1C247F964600515DDC /* Solution165.swift */ = {isa = PBXFileReference; lastKnownFileType = sourcecode.swift; path = Solution165.swift; sourceTree = "<group>"; };
		D0316C8A24AC59E100E7C0B5 /* Solution718.swift */ = {isa = PBXFileReference; lastKnownFileType = sourcecode.swift; path = Solution718.swift; sourceTree = "<group>"; };
		D0316C8C24AD7A0F00E7C0B5 /* Solution61.swift */ = {isa = PBXFileReference; lastKnownFileType = sourcecode.swift; path = Solution61.swift; sourceTree = "<group>"; };
		D0316C8E24ADC81C00E7C0B5 /* Solution64.swift */ = {isa = PBXFileReference; lastKnownFileType = sourcecode.swift; path = Solution64.swift; sourceTree = "<group>"; };
		D0316C9024ADC84700E7C0B5 /* Solution71.swift */ = {isa = PBXFileReference; lastKnownFileType = sourcecode.swift; path = Solution71.swift; sourceTree = "<group>"; };
		D0316C9224AF01B200E7C0B5 /* Solution73.swift */ = {isa = PBXFileReference; lastKnownFileType = sourcecode.swift; path = Solution73.swift; sourceTree = "<group>"; };
		D0316C9424AF1DE200E7C0B5 /* Solution74.swift */ = {isa = PBXFileReference; lastKnownFileType = sourcecode.swift; path = Solution74.swift; sourceTree = "<group>"; };
		D0316C9624AF429C00E7C0B5 /* Solution75.swift */ = {isa = PBXFileReference; lastKnownFileType = sourcecode.swift; path = Solution75.swift; sourceTree = "<group>"; };
		D0B76F1224849EAE00CACD39 /* Solution19.swift */ = {isa = PBXFileReference; lastKnownFileType = sourcecode.swift; path = Solution19.swift; sourceTree = "<group>"; };
		D0B76F142484A95300CACD39 /* Solution20.swift */ = {isa = PBXFileReference; lastKnownFileType = sourcecode.swift; path = Solution20.swift; sourceTree = "<group>"; };
		D0C0DF0E24A86A9700CB2938 /* Solution7.swift */ = {isa = PBXFileReference; lastKnownFileType = sourcecode.swift; path = Solution7.swift; sourceTree = "<group>"; };
		D0C0DF1024A86B6F00CB2938 /* Solution11.swift */ = {isa = PBXFileReference; lastKnownFileType = sourcecode.swift; path = Solution11.swift; sourceTree = "<group>"; };
		D0C0DF1224A86C9B00CB2938 /* Solution17.swift */ = {isa = PBXFileReference; lastKnownFileType = sourcecode.swift; path = Solution17.swift; sourceTree = "<group>"; };
		D0C0DF1424A86EAC00CB2938 /* Solution27.swift */ = {isa = PBXFileReference; lastKnownFileType = sourcecode.swift; path = Solution27.swift; sourceTree = "<group>"; };
		D0C0DF1624A86F8100CB2938 /* Solution26.swift */ = {isa = PBXFileReference; lastKnownFileType = sourcecode.swift; path = Solution26.swift; sourceTree = "<group>"; };
		D0C0DF1824A86F9200CB2938 /* Solution28.swift */ = {isa = PBXFileReference; lastKnownFileType = sourcecode.swift; path = Solution28.swift; sourceTree = "<group>"; };
		D0C0DF1A24A870B800CB2938 /* Solution29.swift */ = {isa = PBXFileReference; lastKnownFileType = sourcecode.swift; path = Solution29.swift; sourceTree = "<group>"; };
		D0C0DF1C24A8788000CB2938 /* Solution34.swift */ = {isa = PBXFileReference; lastKnownFileType = sourcecode.swift; path = Solution34.swift; sourceTree = "<group>"; };
		D0C0DF1E24A8788E00CB2938 /* Solution35.swift */ = {isa = PBXFileReference; lastKnownFileType = sourcecode.swift; path = Solution35.swift; sourceTree = "<group>"; };
		D0C0DF2024A8789D00CB2938 /* Solution38.swift */ = {isa = PBXFileReference; lastKnownFileType = sourcecode.swift; path = Solution38.swift; sourceTree = "<group>"; };
		D0C0DF2224A878EB00CB2938 /* Solution41.swift */ = {isa = PBXFileReference; lastKnownFileType = sourcecode.swift; path = Solution41.swift; sourceTree = "<group>"; };
		D0C0DF2424A879EB00CB2938 /* Solution47.swift */ = {isa = PBXFileReference; fileEncoding = 4; lastKnownFileType = sourcecode.swift; path = Solution47.swift; sourceTree = "<group>"; };
		D0C0DF2524A879EB00CB2938 /* Solution54.swift */ = {isa = PBXFileReference; fileEncoding = 4; lastKnownFileType = sourcecode.swift; path = Solution54.swift; sourceTree = "<group>"; };
		D0C0DF2624A879EB00CB2938 /* Solution53.swift */ = {isa = PBXFileReference; fileEncoding = 4; lastKnownFileType = sourcecode.swift; path = Solution53.swift; sourceTree = "<group>"; };
		D0C0DF2724A879EB00CB2938 /* Solution60.swift */ = {isa = PBXFileReference; fileEncoding = 4; lastKnownFileType = sourcecode.swift; path = Solution60.swift; sourceTree = "<group>"; };
		D0C0DF2824A879EB00CB2938 /* Solution59.swift */ = {isa = PBXFileReference; fileEncoding = 4; lastKnownFileType = sourcecode.swift; path = Solution59.swift; sourceTree = "<group>"; };
		D0C0DF2924A879EB00CB2938 /* Solution48.swift */ = {isa = PBXFileReference; fileEncoding = 4; lastKnownFileType = sourcecode.swift; path = Solution48.swift; sourceTree = "<group>"; };
		D0C0DF2A24A879EB00CB2938 /* Solution46.swift */ = {isa = PBXFileReference; fileEncoding = 4; lastKnownFileType = sourcecode.swift; path = Solution46.swift; sourceTree = "<group>"; };
		D0C0DF2B24A879EB00CB2938 /* Solution56.swift */ = {isa = PBXFileReference; fileEncoding = 4; lastKnownFileType = sourcecode.swift; path = Solution56.swift; sourceTree = "<group>"; };
		D0C0DF2C24A879EC00CB2938 /* Solution55.swift */ = {isa = PBXFileReference; fileEncoding = 4; lastKnownFileType = sourcecode.swift; path = Solution55.swift; sourceTree = "<group>"; };
		D0C0DF3624A87AC300CB2938 /* Solution121.swift */ = {isa = PBXFileReference; lastKnownFileType = sourcecode.swift; path = Solution121.swift; sourceTree = "<group>"; };
		D0C0DF3824A87B1A00CB2938 /* Solution92.swift */ = {isa = PBXFileReference; lastKnownFileType = sourcecode.swift; path = Solution92.swift; sourceTree = "<group>"; };
		D0C0DF3A24A87B3800CB2938 /* Solution101.swift */ = {isa = PBXFileReference; lastKnownFileType = sourcecode.swift; path = Solution101.swift; sourceTree = "<group>"; };
		D0C0DF3D24A87B8B00CB2938 /* TreeNode.swift */ = {isa = PBXFileReference; lastKnownFileType = sourcecode.swift; path = TreeNode.swift; sourceTree = "<group>"; };
		D0C0DF3F24A87BB700CB2938 /* ListNode.swift */ = {isa = PBXFileReference; lastKnownFileType = sourcecode.swift; path = ListNode.swift; sourceTree = "<group>"; };
		D0C0DF4124A8934400CB2938 /* Solution49.swift */ = {isa = PBXFileReference; lastKnownFileType = sourcecode.swift; path = Solution49.swift; sourceTree = "<group>"; };
/* End PBXFileReference section */

/* Begin PBXFrameworksBuildPhase section */
		D0084E462473E3B000C8D7CF /* Frameworks */ = {
			isa = PBXFrameworksBuildPhase;
			buildActionMask = 2147483647;
			files = (
			);
			runOnlyForDeploymentPostprocessing = 0;
		};
		D0084E5C2473E3B200C8D7CF /* Frameworks */ = {
			isa = PBXFrameworksBuildPhase;
			buildActionMask = 2147483647;
			files = (
			);
			runOnlyForDeploymentPostprocessing = 0;
		};
		D0084E672473E3B200C8D7CF /* Frameworks */ = {
			isa = PBXFrameworksBuildPhase;
			buildActionMask = 2147483647;
			files = (
			);
			runOnlyForDeploymentPostprocessing = 0;
		};
/* End PBXFrameworksBuildPhase section */

/* Begin PBXGroup section */
		D0084E402473E3B000C8D7CF = {
			isa = PBXGroup;
			children = (
				D0084E4B2473E3B000C8D7CF /* leetcode */,
				D0084E622473E3B200C8D7CF /* leetcodeTests */,
				D0084E6D2473E3B200C8D7CF /* leetcodeUITests */,
				D0084E4A2473E3B000C8D7CF /* Products */,
			);
			sourceTree = "<group>";
		};
		D0084E4A2473E3B000C8D7CF /* Products */ = {
			isa = PBXGroup;
			children = (
				D0084E492473E3B000C8D7CF /* leetcode.app */,
				D0084E5F2473E3B200C8D7CF /* leetcodeTests.xctest */,
				D0084E6A2473E3B200C8D7CF /* leetcodeUITests.xctest */,
			);
			name = Products;
			sourceTree = "<group>";
		};
		D0084E4B2473E3B000C8D7CF /* leetcode */ = {
			isa = PBXGroup;
			children = (
				D0C0DF3C24A87B6B00CB2938 /* DataStructure */,
				D0084E4C2473E3B000C8D7CF /* AppDelegate.swift */,
				D0084E4E2473E3B000C8D7CF /* SceneDelegate.swift */,
				D0084E502473E3B000C8D7CF /* ViewController.swift */,
				D0084E522473E3B000C8D7CF /* Main.storyboard */,
				D0084E552473E3B200C8D7CF /* Assets.xcassets */,
				D0084E572473E3B200C8D7CF /* LaunchScreen.storyboard */,
				D0084E5A2473E3B200C8D7CF /* Info.plist */,
				D0084E7C24761A0700C8D7CF /* Solution1.swift */,
				D0084E7E247624A400C8D7CF /* Solution2.swift */,
				D0084E82247666E800C8D7CF /* Solution3.swift */,
				D0084E8624778A4A00C8D7CF /* Solution5.swift */,
				D0084E88247B75DE00C8D7CF /* Solution6.swift */,
				D0C0DF0E24A86A9700CB2938 /* Solution7.swift */,
				D0084E8A247D138E00C8D7CF /* Solution8.swift */,
				D0084E8424768E1B00C8D7CF /* Solution9.swift */,
				D0C0DF1024A86B6F00CB2938 /* Solution11.swift */,
				D0084E8C247E40C200C8D7CF /* Solution14.swift */,
				D0084E802476654200C8D7CF /* Solution15.swift */,
				D0C0DF1224A86C9B00CB2938 /* Solution17.swift */,
				D0B76F1224849EAE00CACD39 /* Solution19.swift */,
				D0B76F142484A95300CACD39 /* Solution20.swift */,
				B610C71825189D7200FB5C40 /* Solution21.swift */,
				B610C71A2518B9CF00FB5C40 /* Solution22.swift */,
				B610C71C25199DCA00FB5C40 /* Solution23.swift */,
				B64DB7EE2542C93300EF0612 /* Solution24.swift */,
				D0C0DF1624A86F8100CB2938 /* Solution26.swift */,
				D0C0DF1424A86EAC00CB2938 /* Solution27.swift */,
				D0C0DF1824A86F9200CB2938 /* Solution28.swift */,
				D0C0DF1A24A870B800CB2938 /* Solution29.swift */,
				D0C0DF1C24A8788000CB2938 /* Solution34.swift */,
				D0C0DF1E24A8788E00CB2938 /* Solution35.swift */,
				D0C0DF2024A8789D00CB2938 /* Solution38.swift */,
				D0C0DF2224A878EB00CB2938 /* Solution41.swift */,
				D0C0DF2A24A879EB00CB2938 /* Solution46.swift */,
				D0C0DF2424A879EB00CB2938 /* Solution47.swift */,
				D0C0DF2924A879EB00CB2938 /* Solution48.swift */,
				D0C0DF4124A8934400CB2938 /* Solution49.swift */,
				D023173724B41F2C006C92A0 /* Solution51.swift */,
				D0C0DF2624A879EB00CB2938 /* Solution53.swift */,
				D0C0DF2524A879EB00CB2938 /* Solution54.swift */,
				D0C0DF2C24A879EC00CB2938 /* Solution55.swift */,
				D0C0DF2B24A879EB00CB2938 /* Solution56.swift */,
				D023173924B44B6A006C92A0 /* Solution58.swift */,
				D0C0DF2824A879EB00CB2938 /* Solution59.swift */,
				D0C0DF2724A879EB00CB2938 /* Solution60.swift */,
				D0316C8C24AD7A0F00E7C0B5 /* Solution61.swift */,
				D00B170124BBFFD000675C1B /* Solution62.swift */,
				D00B170324BBFFE000675C1B /* Solution63.swift */,
				D0316C8E24ADC81C00E7C0B5 /* Solution64.swift */,
				D00B170524BBFFF200675C1B /* Solution66.swift */,
				D00B170724BC000300675C1B /* Solution67.swift */,
				D00B170924BC001700675C1B /* Solution69.swift */,
				D00B170B24BC002500675C1B /* Solution70.swift */,
				D0316C9024ADC84700E7C0B5 /* Solution71.swift */,
				D0316C9224AF01B200E7C0B5 /* Solution73.swift */,
				D0316C9424AF1DE200E7C0B5 /* Solution74.swift */,
				D0316C9624AF429C00E7C0B5 /* Solution75.swift */,
				D00B170D24BC003A00675C1B /* Solution77.swift */,
				D00B170F24BC004C00675C1B /* Solution78.swift */,
				D00B171124BC005600675C1B /* Solution79.swift */,
				D00B16F524BBFE6300675C1B /* Solution80.swift */,
				D00B16F724BBFEA100675C1B /* Solution83.swift */,
				D00B16F924BBFEBE00675C1B /* Solution86.swift */,
				D00B171324BC008100675C1B /* Solution88.swift */,
				D00B171524BC008B00675C1B /* Solution89.swift */,
				D00B16FB24BBFF3500675C1B /* Solution90.swift */,
				D0C0DF3824A87B1A00CB2938 /* Solution92.swift */,
				D00B171724BC01DF00675C1B /* Solution93.swift */,
				D00B16FD24BBFF6300675C1B /* Solution94.swift */,
				D00B171924BC08E000675C1B /* Solution95.swift */,
				D0C0DF3A24A87B3800CB2938 /* Solution101.swift */,
				B658CFF324CAEE07002B7878 /* Solution102.swift */,
				B658CFF124CAEDF1002B7878 /* Solution103.swift */,
				B658CFEF24CAEDDD002B7878 /* Solution104.swift */,
				B658CFED24CAEDC5002B7878 /* Solution105.swift */,
				B658CFEB24CAEDAD002B7878 /* Solution106.swift */,
				B658CFE924CAED89002B7878 /* Solution107.swift */,
				B658CFE724CAED66002B7878 /* Solution108.swift */,
				B658D00124D7EB6D002B7878 /* Solution109.swift */,
				B658D00324D7EF31002B7878 /* Solution110.swift */,
				B658CFF724D40CBA002B7878 /* Solution111.swift */,
				B658CFF524D408FE002B7878 /* Solution112.swift */,
				B658CFF924D4260E002B7878 /* Solution113.swift */,
				B658D00524D93393002B7878 /* Solution114.swift */,
				B658CFFB24D7B4FC002B7878 /* Solution118.swift */,
				B658CFFD24D7BD26002B7878 /* Solution119.swift */,
				B658CFFF24D7D9C7002B7878 /* Solution120.swift */,
				D0C0DF3624A87AC300CB2938 /* Solution121.swift */,
				B644506624E3E9C3002B01D7 /* Solution122.swift */,
				B658CFE524CAED0F002B7878 /* Solution129.swift */,
				B64DB7F8254920DF00EF0612 /* Solution137.swift */,
				B63629EA24E11FF60097021B /* Solution144.swift */,
				B63629EC24E125E50097021B /* Solution145.swift */,
				B64DB7E92542C1BC00EF0612 /* Solution148.swift */,
				D02D8B1C247F964600515DDC /* Solution165.swift */,
				D02D8B1A247F6E9400515DDC /* Solution179.swift */,
				B610C7202522DBA900FB5C40 /* Solution198.swift */,
				B64DB7FD2549212A00EF0612 /* Solution199.swift */,
				B610C71E2522D54D00FB5C40 /* Solution213.swift */,
				B64DB8022549215D00EF0612 /* Solution300.swift */,
				B64DB7F3254920AC00EF0612 /* Solution440.swift */,
				B64DB807254921BA00EF0612 /* Solution560.swift */,
				D0316C8A24AC59E100E7C0B5 /* Solution718.swift */,
			);
			path = leetcode;
			sourceTree = "<group>";
		};
		D0084E622473E3B200C8D7CF /* leetcodeTests */ = {
			isa = PBXGroup;
			children = (
				D0084E632473E3B200C8D7CF /* leetcodeTests.swift */,
				D0084E652473E3B200C8D7CF /* Info.plist */,
			);
			path = leetcodeTests;
			sourceTree = "<group>";
		};
		D0084E6D2473E3B200C8D7CF /* leetcodeUITests */ = {
			isa = PBXGroup;
			children = (
				D0084E6E2473E3B200C8D7CF /* leetcodeUITests.swift */,
				D0084E702473E3B200C8D7CF /* Info.plist */,
			);
			path = leetcodeUITests;
			sourceTree = "<group>";
		};
		D0C0DF3C24A87B6B00CB2938 /* DataStructure */ = {
			isa = PBXGroup;
			children = (
				D0C0DF3D24A87B8B00CB2938 /* TreeNode.swift */,
				D0C0DF3F24A87BB700CB2938 /* ListNode.swift */,
				B63629EE24E133C00097021B /* DLinkedNode.swift */,
			);
			path = DataStructure;
			sourceTree = "<group>";
		};
/* End PBXGroup section */

/* Begin PBXNativeTarget section */
		D0084E482473E3B000C8D7CF /* leetcode */ = {
			isa = PBXNativeTarget;
			buildConfigurationList = D0084E732473E3B200C8D7CF /* Build configuration list for PBXNativeTarget "leetcode" */;
			buildPhases = (
				D0084E452473E3B000C8D7CF /* Sources */,
				D0084E462473E3B000C8D7CF /* Frameworks */,
				D0084E472473E3B000C8D7CF /* Resources */,
			);
			buildRules = (
			);
			dependencies = (
			);
			name = leetcode;
			productName = leetcode;
			productReference = D0084E492473E3B000C8D7CF /* leetcode.app */;
			productType = "com.apple.product-type.application";
		};
		D0084E5E2473E3B200C8D7CF /* leetcodeTests */ = {
			isa = PBXNativeTarget;
			buildConfigurationList = D0084E762473E3B200C8D7CF /* Build configuration list for PBXNativeTarget "leetcodeTests" */;
			buildPhases = (
				D0084E5B2473E3B200C8D7CF /* Sources */,
				D0084E5C2473E3B200C8D7CF /* Frameworks */,
				D0084E5D2473E3B200C8D7CF /* Resources */,
			);
			buildRules = (
			);
			dependencies = (
				D0084E612473E3B200C8D7CF /* PBXTargetDependency */,
			);
			name = leetcodeTests;
			productName = leetcodeTests;
			productReference = D0084E5F2473E3B200C8D7CF /* leetcodeTests.xctest */;
			productType = "com.apple.product-type.bundle.unit-test";
		};
		D0084E692473E3B200C8D7CF /* leetcodeUITests */ = {
			isa = PBXNativeTarget;
			buildConfigurationList = D0084E792473E3B200C8D7CF /* Build configuration list for PBXNativeTarget "leetcodeUITests" */;
			buildPhases = (
				D0084E662473E3B200C8D7CF /* Sources */,
				D0084E672473E3B200C8D7CF /* Frameworks */,
				D0084E682473E3B200C8D7CF /* Resources */,
			);
			buildRules = (
			);
			dependencies = (
				D0084E6C2473E3B200C8D7CF /* PBXTargetDependency */,
			);
			name = leetcodeUITests;
			productName = leetcodeUITests;
			productReference = D0084E6A2473E3B200C8D7CF /* leetcodeUITests.xctest */;
			productType = "com.apple.product-type.bundle.ui-testing";
		};
/* End PBXNativeTarget section */

/* Begin PBXProject section */
		D0084E412473E3B000C8D7CF /* Project object */ = {
			isa = PBXProject;
			attributes = {
				LastSwiftUpdateCheck = 1100;
				LastUpgradeCheck = 1100;
				ORGANIZATIONNAME = peter;
				TargetAttributes = {
					D0084E482473E3B000C8D7CF = {
						CreatedOnToolsVersion = 11.0;
					};
					D0084E5E2473E3B200C8D7CF = {
						CreatedOnToolsVersion = 11.0;
						TestTargetID = D0084E482473E3B000C8D7CF;
					};
					D0084E692473E3B200C8D7CF = {
						CreatedOnToolsVersion = 11.0;
						TestTargetID = D0084E482473E3B000C8D7CF;
					};
				};
			};
			buildConfigurationList = D0084E442473E3B000C8D7CF /* Build configuration list for PBXProject "leetcode" */;
			compatibilityVersion = "Xcode 9.3";
			developmentRegion = en;
			hasScannedForEncodings = 0;
			knownRegions = (
				en,
				Base,
			);
			mainGroup = D0084E402473E3B000C8D7CF;
			productRefGroup = D0084E4A2473E3B000C8D7CF /* Products */;
			projectDirPath = "";
			projectRoot = "";
			targets = (
				D0084E482473E3B000C8D7CF /* leetcode */,
				D0084E5E2473E3B200C8D7CF /* leetcodeTests */,
				D0084E692473E3B200C8D7CF /* leetcodeUITests */,
			);
		};
/* End PBXProject section */

/* Begin PBXResourcesBuildPhase section */
		D0084E472473E3B000C8D7CF /* Resources */ = {
			isa = PBXResourcesBuildPhase;
			buildActionMask = 2147483647;
			files = (
				D0084E592473E3B200C8D7CF /* LaunchScreen.storyboard in Resources */,
				D0084E562473E3B200C8D7CF /* Assets.xcassets in Resources */,
				D0084E542473E3B000C8D7CF /* Main.storyboard in Resources */,
			);
			runOnlyForDeploymentPostprocessing = 0;
		};
		D0084E5D2473E3B200C8D7CF /* Resources */ = {
			isa = PBXResourcesBuildPhase;
			buildActionMask = 2147483647;
			files = (
			);
			runOnlyForDeploymentPostprocessing = 0;
		};
		D0084E682473E3B200C8D7CF /* Resources */ = {
			isa = PBXResourcesBuildPhase;
			buildActionMask = 2147483647;
			files = (
			);
			runOnlyForDeploymentPostprocessing = 0;
		};
/* End PBXResourcesBuildPhase section */

/* Begin PBXSourcesBuildPhase section */
		D0084E452473E3B000C8D7CF /* Sources */ = {
			isa = PBXSourcesBuildPhase;
			buildActionMask = 2147483647;
			files = (
				D0084E8724778A4A00C8D7CF /* Solution5.swift in Sources */,
				B658CFEA24CAED89002B7878 /* Solution107.swift in Sources */,
				D0316C8F24ADC81C00E7C0B5 /* Solution64.swift in Sources */,
				D0316C9124ADC84700E7C0B5 /* Solution71.swift in Sources */,
				D0316C9524AF1DE200E7C0B5 /* Solution74.swift in Sources */,
				B658CFE824CAED66002B7878 /* Solution108.swift in Sources */,
				D0C0DF3724A87AC300CB2938 /* Solution121.swift in Sources */,
				B658CFEC24CAEDAD002B7878 /* Solution106.swift in Sources */,
				B658CFFE24D7BD26002B7878 /* Solution119.swift in Sources */,
				D023173A24B44B6A006C92A0 /* Solution58.swift in Sources */,
				D0C0DF2E24A879EC00CB2938 /* Solution54.swift in Sources */,
				B658CFF024CAEDDD002B7878 /* Solution104.swift in Sources */,
				D0C0DF3524A879EC00CB2938 /* Solution55.swift in Sources */,
				D00B170824BC000300675C1B /* Solution67.swift in Sources */,
				B63629EB24E11FF60097021B /* Solution144.swift in Sources */,
				D0084E8D247E40C200C8D7CF /* Solution14.swift in Sources */,
				D0084E8524768E1B00C8D7CF /* Solution9.swift in Sources */,
				D0084E7D24761A0700C8D7CF /* Solution1.swift in Sources */,
				B658CFF424CAEE07002B7878 /* Solution102.swift in Sources */,
				D0C0DF1324A86C9B00CB2938 /* Solution17.swift in Sources */,
				D0C0DF1124A86B6F00CB2938 /* Solution11.swift in Sources */,
				D00B16FE24BBFF6300675C1B /* Solution94.swift in Sources */,
				D0084E512473E3B000C8D7CF /* ViewController.swift in Sources */,
				D00B171A24BC08E000675C1B /* Solution95.swift in Sources */,
				B644506724E3E9C3002B01D7 /* Solution122.swift in Sources */,
				D00B171624BC008B00675C1B /* Solution89.swift in Sources */,
				D00B170624BBFFF200675C1B /* Solution66.swift in Sources */,
				D0C0DF2D24A879EC00CB2938 /* Solution47.swift in Sources */,
				D02D8B1D247F964600515DDC /* Solution165.swift in Sources */,
				D0084E83247666E800C8D7CF /* Solution3.swift in Sources */,
				D0C0DF3924A87B1A00CB2938 /* Solution92.swift in Sources */,
				D0C0DF1F24A8788E00CB2938 /* Solution35.swift in Sources */,
				B658CFF624D408FE002B7878 /* Solution112.swift in Sources */,
				D00B170A24BC001700675C1B /* Solution69.swift in Sources */,
				D00B16FC24BBFF3500675C1B /* Solution90.swift in Sources */,
				D0C0DF4224A8934400CB2938 /* Solution49.swift in Sources */,
				D0316C8B24AC59E100E7C0B5 /* Solution718.swift in Sources */,
				B64DB7F4254920AC00EF0612 /* Solution440.swift in Sources */,
				B64DB8032549215D00EF0612 /* Solution300.swift in Sources */,
				B658D00624D93393002B7878 /* Solution114.swift in Sources */,
				B64DB808254921BA00EF0612 /* Solution560.swift in Sources */,
				B64DB7EA2542C1BD00EF0612 /* Solution148.swift in Sources */,
				B658CFF824D40CBA002B7878 /* Solution111.swift in Sources */,
				D0C0DF4024A87BB700CB2938 /* ListNode.swift in Sources */,
				D0C0DF1724A86F8100CB2938 /* Solution26.swift in Sources */,
				D0B76F1324849EAE00CACD39 /* Solution19.swift in Sources */,
				D0084E7F247624A400C8D7CF /* Solution2.swift in Sources */,
				D0C0DF3424A879EC00CB2938 /* Solution56.swift in Sources */,
				D00B16FA24BBFEBE00675C1B /* Solution86.swift in Sources */,
				D00B170424BBFFE000675C1B /* Solution63.swift in Sources */,
				D00B16F824BBFEA100675C1B /* Solution83.swift in Sources */,
				B610C71F2522D54D00FB5C40 /* Solution213.swift in Sources */,
				B658D00024D7D9C7002B7878 /* Solution120.swift in Sources */,
				D0C0DF3224A879EC00CB2938 /* Solution48.swift in Sources */,
				D00B170C24BC002500675C1B /* Solution70.swift in Sources */,
				B64DB7EF2542C93300EF0612 /* Solution24.swift in Sources */,
				B658D00424D7EF31002B7878 /* Solution110.swift in Sources */,
				B658CFEE24CAEDC5002B7878 /* Solution105.swift in Sources */,
				D0084E4D2473E3B000C8D7CF /* AppDelegate.swift in Sources */,
				B658CFE624CAED0F002B7878 /* Solution129.swift in Sources */,
				D0B76F152484A95300CACD39 /* Solution20.swift in Sources */,
				D00B170224BBFFD000675C1B /* Solution62.swift in Sources */,
				D0316C9724AF429C00E7C0B5 /* Solution75.swift in Sources */,
				D0C0DF1524A86EAC00CB2938 /* Solution27.swift in Sources */,
				D00B171224BC005600675C1B /* Solution79.swift in Sources */,
				B610C71925189D7200FB5C40 /* Solution21.swift in Sources */,
				B658CFFC24D7B4FC002B7878 /* Solution118.swift in Sources */,
				D0C0DF3E24A87B8B00CB2938 /* TreeNode.swift in Sources */,
				D00B16F624BBFE6300675C1B /* Solution80.swift in Sources */,
				D0084E812476654200C8D7CF /* Solution15.swift in Sources */,
				D0C0DF0F24A86A9700CB2938 /* Solution7.swift in Sources */,
				D0C0DF3B24A87B3800CB2938 /* Solution101.swift in Sources */,
				D00B171024BC004C00675C1B /* Solution78.swift in Sources */,
				D0C0DF2F24A879EC00CB2938 /* Solution53.swift in Sources */,
				B64DB7FE2549212A00EF0612 /* Solution199.swift in Sources */,
				D0C0DF3324A879EC00CB2938 /* Solution46.swift in Sources */,
				D0084E8B247D138E00C8D7CF /* Solution8.swift in Sources */,
				B658CFFA24D4260E002B7878 /* Solution113.swift in Sources */,
				D0316C9324AF01B200E7C0B5 /* Solution73.swift in Sources */,
				B610C71B2518B9CF00FB5C40 /* Solution22.swift in Sources */,
				D0C0DF3124A879EC00CB2938 /* Solution59.swift in Sources */,
				D00B171424BC008100675C1B /* Solution88.swift in Sources */,
				D02D8B1B247F6E9400515DDC /* Solution179.swift in Sources */,
				D023173824B41F2C006C92A0 /* Solution51.swift in Sources */,
				D00B170E24BC003A00675C1B /* Solution77.swift in Sources */,
				B63629ED24E125E50097021B /* Solution145.swift in Sources */,
				B63629EF24E133C00097021B /* DLinkedNode.swift in Sources */,
				D0316C8D24AD7A0F00E7C0B5 /* Solution61.swift in Sources */,
				B64DB7F9254920DF00EF0612 /* Solution137.swift in Sources */,
				B610C7212522DBA900FB5C40 /* Solution198.swift in Sources */,
				D0084E4F2473E3B000C8D7CF /* SceneDelegate.swift in Sources */,
				D0C0DF2324A878EB00CB2938 /* Solution41.swift in Sources */,
				D0C0DF1B24A870B800CB2938 /* Solution29.swift in Sources */,
				B658CFF224CAEDF1002B7878 /* Solution103.swift in Sources */,
				D0C0DF1924A86F9200CB2938 /* Solution28.swift in Sources */,
				D0084E89247B75DE00C8D7CF /* Solution6.swift in Sources */,
				B658D00224D7EB6D002B7878 /* Solution109.swift in Sources */,
				D0C0DF1D24A8788000CB2938 /* Solution34.swift in Sources */,
				D0C0DF2124A8789D00CB2938 /* Solution38.swift in Sources */,
				B610C71D25199DCA00FB5C40 /* Solution23.swift in Sources */,
				D00B171824BC01DF00675C1B /* Solution93.swift in Sources */,
				D0C0DF3024A879EC00CB2938 /* Solution60.swift in Sources */,
			);
			runOnlyForDeploymentPostprocessing = 0;
		};
		D0084E5B2473E3B200C8D7CF /* Sources */ = {
			isa = PBXSourcesBuildPhase;
			buildActionMask = 2147483647;
			files = (
				D0084E642473E3B200C8D7CF /* leetcodeTests.swift in Sources */,
			);
			runOnlyForDeploymentPostprocessing = 0;
		};
		D0084E662473E3B200C8D7CF /* Sources */ = {
			isa = PBXSourcesBuildPhase;
			buildActionMask = 2147483647;
			files = (
				D0084E6F2473E3B200C8D7CF /* leetcodeUITests.swift in Sources */,
			);
			runOnlyForDeploymentPostprocessing = 0;
		};
/* End PBXSourcesBuildPhase section */

/* Begin PBXTargetDependency section */
		D0084E612473E3B200C8D7CF /* PBXTargetDependency */ = {
			isa = PBXTargetDependency;
			target = D0084E482473E3B000C8D7CF /* leetcode */;
			targetProxy = D0084E602473E3B200C8D7CF /* PBXContainerItemProxy */;
		};
		D0084E6C2473E3B200C8D7CF /* PBXTargetDependency */ = {
			isa = PBXTargetDependency;
			target = D0084E482473E3B000C8D7CF /* leetcode */;
			targetProxy = D0084E6B2473E3B200C8D7CF /* PBXContainerItemProxy */;
		};
/* End PBXTargetDependency section */

/* Begin PBXVariantGroup section */
		D0084E522473E3B000C8D7CF /* Main.storyboard */ = {
			isa = PBXVariantGroup;
			children = (
				D0084E532473E3B000C8D7CF /* Base */,
			);
			name = Main.storyboard;
			sourceTree = "<group>";
		};
		D0084E572473E3B200C8D7CF /* LaunchScreen.storyboard */ = {
			isa = PBXVariantGroup;
			children = (
				D0084E582473E3B200C8D7CF /* Base */,
			);
			name = LaunchScreen.storyboard;
			sourceTree = "<group>";
		};
/* End PBXVariantGroup section */

/* Begin XCBuildConfiguration section */
		D0084E712473E3B200C8D7CF /* Debug */ = {
			isa = XCBuildConfiguration;
			buildSettings = {
				ALWAYS_SEARCH_USER_PATHS = NO;
				CLANG_ANALYZER_NONNULL = YES;
				CLANG_ANALYZER_NUMBER_OBJECT_CONVERSION = YES_AGGRESSIVE;
				CLANG_CXX_LANGUAGE_STANDARD = "gnu++14";
				CLANG_CXX_LIBRARY = "libc++";
				CLANG_ENABLE_MODULES = YES;
				CLANG_ENABLE_OBJC_ARC = YES;
				CLANG_ENABLE_OBJC_WEAK = YES;
				CLANG_WARN_BLOCK_CAPTURE_AUTORELEASING = YES;
				CLANG_WARN_BOOL_CONVERSION = YES;
				CLANG_WARN_COMMA = YES;
				CLANG_WARN_CONSTANT_CONVERSION = YES;
				CLANG_WARN_DEPRECATED_OBJC_IMPLEMENTATIONS = YES;
				CLANG_WARN_DIRECT_OBJC_ISA_USAGE = YES_ERROR;
				CLANG_WARN_DOCUMENTATION_COMMENTS = YES;
				CLANG_WARN_EMPTY_BODY = YES;
				CLANG_WARN_ENUM_CONVERSION = YES;
				CLANG_WARN_INFINITE_RECURSION = YES;
				CLANG_WARN_INT_CONVERSION = YES;
				CLANG_WARN_NON_LITERAL_NULL_CONVERSION = YES;
				CLANG_WARN_OBJC_IMPLICIT_RETAIN_SELF = YES;
				CLANG_WARN_OBJC_LITERAL_CONVERSION = YES;
				CLANG_WARN_OBJC_ROOT_CLASS = YES_ERROR;
				CLANG_WARN_RANGE_LOOP_ANALYSIS = YES;
				CLANG_WARN_STRICT_PROTOTYPES = YES;
				CLANG_WARN_SUSPICIOUS_MOVE = YES;
				CLANG_WARN_UNGUARDED_AVAILABILITY = YES_AGGRESSIVE;
				CLANG_WARN_UNREACHABLE_CODE = YES;
				CLANG_WARN__DUPLICATE_METHOD_MATCH = YES;
				COPY_PHASE_STRIP = NO;
				DEBUG_INFORMATION_FORMAT = dwarf;
				ENABLE_STRICT_OBJC_MSGSEND = YES;
				ENABLE_TESTABILITY = YES;
				GCC_C_LANGUAGE_STANDARD = gnu11;
				GCC_DYNAMIC_NO_PIC = NO;
				GCC_NO_COMMON_BLOCKS = YES;
				GCC_OPTIMIZATION_LEVEL = 0;
				GCC_PREPROCESSOR_DEFINITIONS = (
					"DEBUG=1",
					"$(inherited)",
				);
				GCC_WARN_64_TO_32_BIT_CONVERSION = YES;
				GCC_WARN_ABOUT_RETURN_TYPE = YES_ERROR;
				GCC_WARN_UNDECLARED_SELECTOR = YES;
				GCC_WARN_UNINITIALIZED_AUTOS = YES_AGGRESSIVE;
				GCC_WARN_UNUSED_FUNCTION = YES;
				GCC_WARN_UNUSED_VARIABLE = YES;
				IPHONEOS_DEPLOYMENT_TARGET = 13.0;
				MTL_ENABLE_DEBUG_INFO = INCLUDE_SOURCE;
				MTL_FAST_MATH = YES;
				ONLY_ACTIVE_ARCH = YES;
				SDKROOT = iphoneos;
				SWIFT_ACTIVE_COMPILATION_CONDITIONS = DEBUG;
				SWIFT_OPTIMIZATION_LEVEL = "-Onone";
			};
			name = Debug;
		};
		D0084E722473E3B200C8D7CF /* Release */ = {
			isa = XCBuildConfiguration;
			buildSettings = {
				ALWAYS_SEARCH_USER_PATHS = NO;
				CLANG_ANALYZER_NONNULL = YES;
				CLANG_ANALYZER_NUMBER_OBJECT_CONVERSION = YES_AGGRESSIVE;
				CLANG_CXX_LANGUAGE_STANDARD = "gnu++14";
				CLANG_CXX_LIBRARY = "libc++";
				CLANG_ENABLE_MODULES = YES;
				CLANG_ENABLE_OBJC_ARC = YES;
				CLANG_ENABLE_OBJC_WEAK = YES;
				CLANG_WARN_BLOCK_CAPTURE_AUTORELEASING = YES;
				CLANG_WARN_BOOL_CONVERSION = YES;
				CLANG_WARN_COMMA = YES;
				CLANG_WARN_CONSTANT_CONVERSION = YES;
				CLANG_WARN_DEPRECATED_OBJC_IMPLEMENTATIONS = YES;
				CLANG_WARN_DIRECT_OBJC_ISA_USAGE = YES_ERROR;
				CLANG_WARN_DOCUMENTATION_COMMENTS = YES;
				CLANG_WARN_EMPTY_BODY = YES;
				CLANG_WARN_ENUM_CONVERSION = YES;
				CLANG_WARN_INFINITE_RECURSION = YES;
				CLANG_WARN_INT_CONVERSION = YES;
				CLANG_WARN_NON_LITERAL_NULL_CONVERSION = YES;
				CLANG_WARN_OBJC_IMPLICIT_RETAIN_SELF = YES;
				CLANG_WARN_OBJC_LITERAL_CONVERSION = YES;
				CLANG_WARN_OBJC_ROOT_CLASS = YES_ERROR;
				CLANG_WARN_RANGE_LOOP_ANALYSIS = YES;
				CLANG_WARN_STRICT_PROTOTYPES = YES;
				CLANG_WARN_SUSPICIOUS_MOVE = YES;
				CLANG_WARN_UNGUARDED_AVAILABILITY = YES_AGGRESSIVE;
				CLANG_WARN_UNREACHABLE_CODE = YES;
				CLANG_WARN__DUPLICATE_METHOD_MATCH = YES;
				COPY_PHASE_STRIP = NO;
				DEBUG_INFORMATION_FORMAT = "dwarf-with-dsym";
				ENABLE_NS_ASSERTIONS = NO;
				ENABLE_STRICT_OBJC_MSGSEND = YES;
				GCC_C_LANGUAGE_STANDARD = gnu11;
				GCC_NO_COMMON_BLOCKS = YES;
				GCC_WARN_64_TO_32_BIT_CONVERSION = YES;
				GCC_WARN_ABOUT_RETURN_TYPE = YES_ERROR;
				GCC_WARN_UNDECLARED_SELECTOR = YES;
				GCC_WARN_UNINITIALIZED_AUTOS = YES_AGGRESSIVE;
				GCC_WARN_UNUSED_FUNCTION = YES;
				GCC_WARN_UNUSED_VARIABLE = YES;
				IPHONEOS_DEPLOYMENT_TARGET = 13.0;
				MTL_ENABLE_DEBUG_INFO = NO;
				MTL_FAST_MATH = YES;
				SDKROOT = iphoneos;
				SWIFT_COMPILATION_MODE = wholemodule;
				SWIFT_OPTIMIZATION_LEVEL = "-O";
				VALIDATE_PRODUCT = YES;
			};
			name = Release;
		};
		D0084E742473E3B200C8D7CF /* Debug */ = {
			isa = XCBuildConfiguration;
			buildSettings = {
				ASSETCATALOG_COMPILER_APPICON_NAME = AppIcon;
				CODE_SIGN_STYLE = Automatic;
				INFOPLIST_FILE = leetcode/Info.plist;
				LD_RUNPATH_SEARCH_PATHS = (
					"$(inherited)",
					"@executable_path/Frameworks",
				);
				PRODUCT_BUNDLE_IDENTIFIER = peter.leetcode;
				PRODUCT_NAME = "$(TARGET_NAME)";
				SWIFT_VERSION = 5.0;
				TARGETED_DEVICE_FAMILY = "1,2";
			};
			name = Debug;
		};
		D0084E752473E3B200C8D7CF /* Release */ = {
			isa = XCBuildConfiguration;
			buildSettings = {
				ASSETCATALOG_COMPILER_APPICON_NAME = AppIcon;
				CODE_SIGN_STYLE = Automatic;
				INFOPLIST_FILE = leetcode/Info.plist;
				LD_RUNPATH_SEARCH_PATHS = (
					"$(inherited)",
					"@executable_path/Frameworks",
				);
				PRODUCT_BUNDLE_IDENTIFIER = peter.leetcode;
				PRODUCT_NAME = "$(TARGET_NAME)";
				SWIFT_VERSION = 5.0;
				TARGETED_DEVICE_FAMILY = "1,2";
			};
			name = Release;
		};
		D0084E772473E3B200C8D7CF /* Debug */ = {
			isa = XCBuildConfiguration;
			buildSettings = {
				ALWAYS_EMBED_SWIFT_STANDARD_LIBRARIES = YES;
				BUNDLE_LOADER = "$(TEST_HOST)";
				CODE_SIGN_STYLE = Automatic;
				INFOPLIST_FILE = leetcodeTests/Info.plist;
				IPHONEOS_DEPLOYMENT_TARGET = 13.0;
				LD_RUNPATH_SEARCH_PATHS = (
					"$(inherited)",
					"@executable_path/Frameworks",
					"@loader_path/Frameworks",
				);
				PRODUCT_BUNDLE_IDENTIFIER = peter.leetcodeTests;
				PRODUCT_NAME = "$(TARGET_NAME)";
				SWIFT_VERSION = 5.0;
				TARGETED_DEVICE_FAMILY = "1,2";
				TEST_HOST = "$(BUILT_PRODUCTS_DIR)/leetcode.app/leetcode";
			};
			name = Debug;
		};
		D0084E782473E3B200C8D7CF /* Release */ = {
			isa = XCBuildConfiguration;
			buildSettings = {
				ALWAYS_EMBED_SWIFT_STANDARD_LIBRARIES = YES;
				BUNDLE_LOADER = "$(TEST_HOST)";
				CODE_SIGN_STYLE = Automatic;
				INFOPLIST_FILE = leetcodeTests/Info.plist;
				IPHONEOS_DEPLOYMENT_TARGET = 13.0;
				LD_RUNPATH_SEARCH_PATHS = (
					"$(inherited)",
					"@executable_path/Frameworks",
					"@loader_path/Frameworks",
				);
				PRODUCT_BUNDLE_IDENTIFIER = peter.leetcodeTests;
				PRODUCT_NAME = "$(TARGET_NAME)";
				SWIFT_VERSION = 5.0;
				TARGETED_DEVICE_FAMILY = "1,2";
				TEST_HOST = "$(BUILT_PRODUCTS_DIR)/leetcode.app/leetcode";
			};
			name = Release;
		};
		D0084E7A2473E3B200C8D7CF /* Debug */ = {
			isa = XCBuildConfiguration;
			buildSettings = {
				ALWAYS_EMBED_SWIFT_STANDARD_LIBRARIES = YES;
				CODE_SIGN_STYLE = Automatic;
				INFOPLIST_FILE = leetcodeUITests/Info.plist;
				LD_RUNPATH_SEARCH_PATHS = (
					"$(inherited)",
					"@executable_path/Frameworks",
					"@loader_path/Frameworks",
				);
				PRODUCT_BUNDLE_IDENTIFIER = peter.leetcodeUITests;
				PRODUCT_NAME = "$(TARGET_NAME)";
				SWIFT_VERSION = 5.0;
				TARGETED_DEVICE_FAMILY = "1,2";
				TEST_TARGET_NAME = leetcode;
			};
			name = Debug;
		};
		D0084E7B2473E3B200C8D7CF /* Release */ = {
			isa = XCBuildConfiguration;
			buildSettings = {
				ALWAYS_EMBED_SWIFT_STANDARD_LIBRARIES = YES;
				CODE_SIGN_STYLE = Automatic;
				INFOPLIST_FILE = leetcodeUITests/Info.plist;
				LD_RUNPATH_SEARCH_PATHS = (
					"$(inherited)",
					"@executable_path/Frameworks",
					"@loader_path/Frameworks",
				);
				PRODUCT_BUNDLE_IDENTIFIER = peter.leetcodeUITests;
				PRODUCT_NAME = "$(TARGET_NAME)";
				SWIFT_VERSION = 5.0;
				TARGETED_DEVICE_FAMILY = "1,2";
				TEST_TARGET_NAME = leetcode;
			};
			name = Release;
		};
/* End XCBuildConfiguration section */

/* Begin XCConfigurationList section */
		D0084E442473E3B000C8D7CF /* Build configuration list for PBXProject "leetcode" */ = {
			isa = XCConfigurationList;
			buildConfigurations = (
				D0084E712473E3B200C8D7CF /* Debug */,
				D0084E722473E3B200C8D7CF /* Release */,
			);
			defaultConfigurationIsVisible = 0;
			defaultConfigurationName = Release;
		};
		D0084E732473E3B200C8D7CF /* Build configuration list for PBXNativeTarget "leetcode" */ = {
			isa = XCConfigurationList;
			buildConfigurations = (
				D0084E742473E3B200C8D7CF /* Debug */,
				D0084E752473E3B200C8D7CF /* Release */,
			);
			defaultConfigurationIsVisible = 0;
			defaultConfigurationName = Release;
		};
		D0084E762473E3B200C8D7CF /* Build configuration list for PBXNativeTarget "leetcodeTests" */ = {
			isa = XCConfigurationList;
			buildConfigurations = (
				D0084E772473E3B200C8D7CF /* Debug */,
				D0084E782473E3B200C8D7CF /* Release */,
			);
			defaultConfigurationIsVisible = 0;
			defaultConfigurationName = Release;
		};
		D0084E792473E3B200C8D7CF /* Build configuration list for PBXNativeTarget "leetcodeUITests" */ = {
			isa = XCConfigurationList;
			buildConfigurations = (
				D0084E7A2473E3B200C8D7CF /* Debug */,
				D0084E7B2473E3B200C8D7CF /* Release */,
			);
			defaultConfigurationIsVisible = 0;
			defaultConfigurationName = Release;
		};
/* End XCConfigurationList section */
	};
	rootObject = D0084E412473E3B000C8D7CF /* Project object */;
}
